
Microsoft Visual Studio Solution File, Format Version 12.00
# Visual Studio Version 17
VisualStudioVersion = 17.13.35931.197 d17.13
MinimumVisualStudioVersion = 10.0.40219.1
Project("{FAE04EC0-301F-11D3-BF4B-00C04F79EFBC}") = "Practice 9", "Practice 9.csproj", "{703387D1-53AE-40A8-A9A6-01D053AAB360}"
EndProject
Global
	GlobalSection(SolutionConfigurationPlatforms) = preSolution
		Debug|Any CPU = Debug|Any CPU
		Release|Any CPU = Release|Any CPU
	EndGlobalSection
	GlobalSection(ProjectConfigurationPlatforms) = postSolution
		{703387D1-53AE-40A8-A9A6-01D053AAB360}.Debug|Any CPU.ActiveCfg = Debug|Any CPU
		{703387D1-53AE-40A8-A9A6-01D053AAB360}.Debug|Any CPU.Build.0 = Debug|Any CPU
		{703387D1-53AE-40A8-A9A6-01D053AAB360}.Release|Any CPU.ActiveCfg = Release|Any CPU
		{703387D1-53AE-40A8-A9A6-01D053AAB360}.Release|Any CPU.Build.0 = Release|Any CPU
	EndGlobalSection
	GlobalSection(SolutionProperties) = preSolution
		HideSolutionNode = FALSE
	EndGlobalSection
	GlobalSection(ExtensibilityGlobals) = postSolution
		SolutionGuid = {83CE762A-E4D0-4A07-8D0C-F83F07455F4E}
	EndGlobalSection
EndGlobal
