
Microsoft Visual Studio Solution File, Format Version 12.00
# Visual Studio Version 17
VisualStudioVersion = 17.13.35931.197 d17.13
MinimumVisualStudioVersion = 10.0.40219.1
Project("{FAE04EC0-301F-11D3-BF4B-00C04F79EFBC}") = "Practice 1", "Practice 1.csproj", "{BB8E7505-9081-45D2-A9D8-B8CE2BD4A8CF}"
EndProject
Global
	GlobalSection(SolutionConfigurationPlatforms) = preSolution
		Debug|Any CPU = Debug|Any CPU
		Release|Any CPU = Release|Any CPU
	EndGlobalSection
	GlobalSection(ProjectConfigurationPlatforms) = postSolution
		{BB8E7505-9081-45D2-A9D8-B8CE2BD4A8CF}.Debug|Any CPU.ActiveCfg = Debug|Any CPU
		{BB8E7505-9081-45D2-A9D8-B8CE2BD4A8CF}.Debug|Any CPU.Build.0 = Debug|Any CPU
		{BB8E7505-9081-45D2-A9D8-B8CE2BD4A8CF}.Release|Any CPU.ActiveCfg = Release|Any CPU
		{BB8E7505-9081-45D2-A9D8-B8CE2BD4A8CF}.Release|Any CPU.Build.0 = Release|Any CPU
	EndGlobalSection
	GlobalSection(SolutionProperties) = preSolution
		HideSolutionNode = FALSE
	EndGlobalSection
	GlobalSection(ExtensibilityGlobals) = postSolution
		SolutionGuid = {4D8B8E55-2B8F-4396-9781-62D590180821}
	EndGlobalSection
EndGlobal
