
Microsoft Visual Studio Solution File, Format Version 12.00
# Visual Studio Version 17
VisualStudioVersion = 17.13.35931.197 d17.13
MinimumVisualStudioVersion = 10.0.40219.1
Project("{FAE04EC0-301F-11D3-BF4B-00C04F79EFBC}") = "Practice 3", "Practice 3.csproj", "{964D50B3-54D9-45FC-B98B-2B9A9B7A862B}"
EndProject
Global
	GlobalSection(SolutionConfigurationPlatforms) = preSolution
		Debug|Any CPU = Debug|Any CPU
		Release|Any CPU = Release|Any CPU
	EndGlobalSection
	GlobalSection(ProjectConfigurationPlatforms) = postSolution
		{964D50B3-54D9-45FC-B98B-2B9A9B7A862B}.Debug|Any CPU.ActiveCfg = Debug|Any CPU
		{964D50B3-54D9-45FC-B98B-2B9A9B7A862B}.Debug|Any CPU.Build.0 = Debug|Any CPU
		{964D50B3-54D9-45FC-B98B-2B9A9B7A862B}.Release|Any CPU.ActiveCfg = Release|Any CPU
		{964D50B3-54D9-45FC-B98B-2B9A9B7A862B}.Release|Any CPU.Build.0 = Release|Any CPU
	EndGlobalSection
	GlobalSection(SolutionProperties) = preSolution
		HideSolutionNode = FALSE
	EndGlobalSection
	GlobalSection(ExtensibilityGlobals) = postSolution
		SolutionGuid = {405FAE8F-39CB-4312-A5E7-30A90F202503}
	EndGlobalSection
EndGlobal
