
Microsoft Visual Studio Solution File, Format Version 12.00
# Visual Studio Version 17
VisualStudioVersion = 17.13.35931.197 d17.13
MinimumVisualStudioVersion = 10.0.40219.1
Project("{FAE04EC0-301F-11D3-BF4B-00C04F79EFBC}") = "Practice 3", "Practice 3.csproj", "{768C4958-437C-4739-B7FC-5ED7E9448C75}"
EndProject
Global
	GlobalSection(SolutionConfigurationPlatforms) = preSolution
		Debug|Any CPU = Debug|Any CPU
		Release|Any CPU = Release|Any CPU
	EndGlobalSection
	GlobalSection(ProjectConfigurationPlatforms) = postSolution
		{768C4958-437C-4739-B7FC-5ED7E9448C75}.Debug|Any CPU.ActiveCfg = Debug|Any CPU
		{768C4958-437C-4739-B7FC-5ED7E9448C75}.Debug|Any CPU.Build.0 = Debug|Any CPU
		{768C4958-437C-4739-B7FC-5ED7E9448C75}.Release|Any CPU.ActiveCfg = Release|Any CPU
		{768C4958-437C-4739-B7FC-5ED7E9448C75}.Release|Any CPU.Build.0 = Release|Any CPU
	EndGlobalSection
	GlobalSection(SolutionProperties) = preSolution
		HideSolutionNode = FALSE
	EndGlobalSection
	GlobalSection(ExtensibilityGlobals) = postSolution
		SolutionGuid = {632E594D-4E37-4F25-960A-B13553784D6C}
	EndGlobalSection
EndGlobal
