
Microsoft Visual Studio Solution File, Format Version 12.00
# Visual Studio Version 17
VisualStudioVersion = 17.13.35931.197 d17.13
MinimumVisualStudioVersion = 10.0.40219.1
Project("{FAE04EC0-301F-11D3-BF4B-00C04F79EFBC}") = "Practice 4", "Practice 4.csproj", "{98EFCFF2-2CFA-4983-994B-BA6980BA68CA}"
EndProject
Global
	GlobalSection(SolutionConfigurationPlatforms) = preSolution
		Debug|Any CPU = Debug|Any CPU
		Release|Any CPU = Release|Any CPU
	EndGlobalSection
	GlobalSection(ProjectConfigurationPlatforms) = postSolution
		{98EFCFF2-2CFA-4983-994B-BA6980BA68CA}.Debug|Any CPU.ActiveCfg = Debug|Any CPU
		{98EFCFF2-2CFA-4983-994B-BA6980BA68CA}.Debug|Any CPU.Build.0 = Debug|Any CPU
		{98EFCFF2-2CFA-4983-994B-BA6980BA68CA}.Release|Any CPU.ActiveCfg = Release|Any CPU
		{98EFCFF2-2CFA-4983-994B-BA6980BA68CA}.Release|Any CPU.Build.0 = Release|Any CPU
	EndGlobalSection
	GlobalSection(SolutionProperties) = preSolution
		HideSolutionNode = FALSE
	EndGlobalSection
	GlobalSection(ExtensibilityGlobals) = postSolution
		SolutionGuid = {3B5363C6-BFDC-4B63-9FF5-8A01C176E6DF}
	EndGlobalSection
EndGlobal
