
Microsoft Visual Studio Solution File, Format Version 12.00
# Visual Studio Version 17
VisualStudioVersion = 17.13.35931.197 d17.13
MinimumVisualStudioVersion = 10.0.40219.1
Project("{FAE04EC0-301F-11D3-BF4B-00C04F79EFBC}") = "Practice 11", "Practice 11.csproj", "{CBD8CA10-3283-478D-802F-A3B5AF6EE284}"
EndProject
Global
	GlobalSection(SolutionConfigurationPlatforms) = preSolution
		Debug|Any CPU = Debug|Any CPU
		Release|Any CPU = Release|Any CPU
	EndGlobalSection
	GlobalSection(ProjectConfigurationPlatforms) = postSolution
		{CBD8CA10-3283-478D-802F-A3B5AF6EE284}.Debug|Any CPU.ActiveCfg = Debug|Any CPU
		{CBD8CA10-3283-478D-802F-A3B5AF6EE284}.Debug|Any CPU.Build.0 = Debug|Any CPU
		{CBD8CA10-3283-478D-802F-A3B5AF6EE284}.Release|Any CPU.ActiveCfg = Release|Any CPU
		{CBD8CA10-3283-478D-802F-A3B5AF6EE284}.Release|Any CPU.Build.0 = Release|Any CPU
	EndGlobalSection
	GlobalSection(SolutionProperties) = preSolution
		HideSolutionNode = FALSE
	EndGlobalSection
	GlobalSection(ExtensibilityGlobals) = postSolution
		SolutionGuid = {F8052E93-0DE0-4C48-80ED-932AA1E721CD}
	EndGlobalSection
EndGlobal
