
Microsoft Visual Studio Solution File, Format Version 12.00
# Visual Studio Version 17
VisualStudioVersion = 17.13.35931.197 d17.13
MinimumVisualStudioVersion = 10.0.40219.1
Project("{FAE04EC0-301F-11D3-BF4B-00C04F79EFBC}") = "Practice 2", "Practice 2.csproj", "{C062773A-BB38-4E0B-AE36-D203314A2742}"
EndProject
Global
	GlobalSection(SolutionConfigurationPlatforms) = preSolution
		Debug|Any CPU = Debug|Any CPU
		Release|Any CPU = Release|Any CPU
	EndGlobalSection
	GlobalSection(ProjectConfigurationPlatforms) = postSolution
		{C062773A-BB38-4E0B-AE36-D203314A2742}.Debug|Any CPU.ActiveCfg = Debug|Any CPU
		{C062773A-BB38-4E0B-AE36-D203314A2742}.Debug|Any CPU.Build.0 = Debug|Any CPU
		{C062773A-BB38-4E0B-AE36-D203314A2742}.Release|Any CPU.ActiveCfg = Release|Any CPU
		{C062773A-BB38-4E0B-AE36-D203314A2742}.Release|Any CPU.Build.0 = Release|Any CPU
	EndGlobalSection
	GlobalSection(SolutionProperties) = preSolution
		HideSolutionNode = FALSE
	EndGlobalSection
	GlobalSection(ExtensibilityGlobals) = postSolution
		SolutionGuid = {E2CE627B-1171-44F1-A5FD-28D5A946BA1F}
	EndGlobalSection
EndGlobal
