
Microsoft Visual Studio Solution File, Format Version 12.00
# Visual Studio Version 17
VisualStudioVersion = 17.13.35931.197 d17.13
MinimumVisualStudioVersion = 10.0.40219.1
Project("{FAE04EC0-301F-11D3-BF4B-00C04F79EFBC}") = "Practice 7", "Practice 7.csproj", "{D472A7C7-0438-4BC1-9BBA-451932ED8BBA}"
EndProject
Global
	GlobalSection(SolutionConfigurationPlatforms) = preSolution
		Debug|Any CPU = Debug|Any CPU
		Release|Any CPU = Release|Any CPU
	EndGlobalSection
	GlobalSection(ProjectConfigurationPlatforms) = postSolution
		{D472A7C7-0438-4BC1-9BBA-451932ED8BBA}.Debug|Any CPU.ActiveCfg = Debug|Any CPU
		{D472A7C7-0438-4BC1-9BBA-451932ED8BBA}.Debug|Any CPU.Build.0 = Debug|Any CPU
		{D472A7C7-0438-4BC1-9BBA-451932ED8BBA}.Release|Any CPU.ActiveCfg = Release|Any CPU
		{D472A7C7-0438-4BC1-9BBA-451932ED8BBA}.Release|Any CPU.Build.0 = Release|Any CPU
	EndGlobalSection
	GlobalSection(SolutionProperties) = preSolution
		HideSolutionNode = FALSE
	EndGlobalSection
	GlobalSection(ExtensibilityGlobals) = postSolution
		SolutionGuid = {DB7C143D-9AB7-406A-B04D-BAB1D558E84A}
	EndGlobalSection
EndGlobal
