
Microsoft Visual Studio Solution File, Format Version 12.00
# Visual Studio Version 17
VisualStudioVersion = 17.13.35931.197 d17.13
MinimumVisualStudioVersion = 10.0.40219.1
Project("{FAE04EC0-301F-11D3-BF4B-00C04F79EFBC}") = "Practice 2", "Practice 2.csproj", "{9F99B35D-A79A-4B46-B086-ECD6F20A0CCB}"
EndProject
Global
	GlobalSection(SolutionConfigurationPlatforms) = preSolution
		Debug|Any CPU = Debug|Any CPU
		Release|Any CPU = Release|Any CPU
	EndGlobalSection
	GlobalSection(ProjectConfigurationPlatforms) = postSolution
		{9F99B35D-A79A-4B46-B086-ECD6F20A0CCB}.Debug|Any CPU.ActiveCfg = Debug|Any CPU
		{9F99B35D-A79A-4B46-B086-ECD6F20A0CCB}.Debug|Any CPU.Build.0 = Debug|Any CPU
		{9F99B35D-A79A-4B46-B086-ECD6F20A0CCB}.Release|Any CPU.ActiveCfg = Release|Any CPU
		{9F99B35D-A79A-4B46-B086-ECD6F20A0CCB}.Release|Any CPU.Build.0 = Release|Any CPU
	EndGlobalSection
	GlobalSection(SolutionProperties) = preSolution
		HideSolutionNode = FALSE
	EndGlobalSection
	GlobalSection(ExtensibilityGlobals) = postSolution
		SolutionGuid = {DA137BA6-C1BE-4D5E-BCD0-467A2ED55C22}
	EndGlobalSection
EndGlobal
