
Microsoft Visual Studio Solution File, Format Version 12.00
# Visual Studio Version 17
VisualStudioVersion = 17.13.35931.197 d17.13
MinimumVisualStudioVersion = 10.0.40219.1
Project("{FAE04EC0-301F-11D3-BF4B-00C04F79EFBC}") = "JwtDemo", "JwtDemo.csproj", "{B000A619-B99D-4B73-ABC5-A0E06BBBC5DE}"
EndProject
Global
	GlobalSection(SolutionConfigurationPlatforms) = preSolution
		Debug|Any CPU = Debug|Any CPU
		Release|Any CPU = Release|Any CPU
	EndGlobalSection
	GlobalSection(ProjectConfigurationPlatforms) = postSolution
		{B000A619-B99D-4B73-ABC5-A0E06BBBC5DE}.Debug|Any CPU.ActiveCfg = Debug|Any CPU
		{B000A619-B99D-4B73-ABC5-A0E06BBBC5DE}.Debug|Any CPU.Build.0 = Debug|Any CPU
		{B000A619-B99D-4B73-ABC5-A0E06BBBC5DE}.Release|Any CPU.ActiveCfg = Release|Any CPU
		{B000A619-B99D-4B73-ABC5-A0E06BBBC5DE}.Release|Any CPU.Build.0 = Release|Any CPU
	EndGlobalSection
	GlobalSection(SolutionProperties) = preSolution
		HideSolutionNode = FALSE
	EndGlobalSection
	GlobalSection(ExtensibilityGlobals) = postSolution
		SolutionGuid = {2554763D-7E98-4E81-A9B5-962B1CEE062E}
	EndGlobalSection
EndGlobal
