
Microsoft Visual Studio Solution File, Format Version 12.00
# Visual Studio Version 17
VisualStudioVersion = 17.13.35931.197 d17.13
MinimumVisualStudioVersion = 10.0.40219.1
Project("{FAE04EC0-301F-11D3-BF4B-00C04F79EFBC}") = "Polymorphism", "Polymorphism.csproj", "{31F183C9-97C0-4798-A9ED-DF815F806EFC}"
EndProject
Global
	GlobalSection(SolutionConfigurationPlatforms) = preSolution
		Debug|Any CPU = Debug|Any CPU
		Release|Any CPU = Release|Any CPU
	EndGlobalSection
	GlobalSection(ProjectConfigurationPlatforms) = postSolution
		{31F183C9-97C0-4798-A9ED-DF815F806EFC}.Debug|Any CPU.ActiveCfg = Debug|Any CPU
		{31F183C9-97C0-4798-A9ED-DF815F806EFC}.Debug|Any CPU.Build.0 = Debug|Any CPU
		{31F183C9-97C0-4798-A9ED-DF815F806EFC}.Release|Any CPU.ActiveCfg = Release|Any CPU
		{31F183C9-97C0-4798-A9ED-DF815F806EFC}.Release|Any CPU.Build.0 = Release|Any CPU
	EndGlobalSection
	GlobalSection(SolutionProperties) = preSolution
		HideSolutionNode = FALSE
	EndGlobalSection
	GlobalSection(ExtensibilityGlobals) = postSolution
		SolutionGuid = {823BB417-C8BA-40FE-B8C7-B0BE28D2DC14}
	EndGlobalSection
EndGlobal
